
Microsoft Visual Studio Solution File, Format Version 12.00
# Visual Studio 15
VisualStudioVersion = 15.0.28010.2050
MinimumVisualStudioVersion = 10.0.40219.1
Project("{FAE04EC0-301F-11D3-BF4B-00C04F79EFBC}") = "GraphicsPLApp", "WindowsFormsApp2\GraphicsPLApp.csproj", "{B62CC79C-F582-45EE-BCEA-1F7A59AC100C}"
EndProject
Global
	GlobalSection(SolutionConfigurationPlatforms) = preSolution
		Debug|Any CPU = Debug|Any CPU
		Release|Any CPU = Release|Any CPU
	EndGlobalSection
	GlobalSection(ProjectConfigurationPlatforms) = postSolution
		{B62CC79C-F582-45EE-BCEA-1F7A59AC100C}.Debug|Any CPU.ActiveCfg = Debug|Any CPU
		{B62CC79C-F582-45EE-BCEA-1F7A59AC100C}.Debug|Any CPU.Build.0 = Debug|Any CPU
		{B62CC79C-F582-45EE-BCEA-1F7A59AC100C}.Release|Any CPU.ActiveCfg = Release|Any CPU
		{B62CC79C-F582-45EE-BCEA-1F7A59AC100C}.Release|Any CPU.Build.0 = Release|Any CPU
	EndGlobalSection
	GlobalSection(SolutionProperties) = preSolution
		HideSolutionNode = FALSE
	EndGlobalSection
	GlobalSection(ExtensibilityGlobals) = postSolution
		SolutionGuid = {2D656249-18FA-485F-A7DF-901FCB027949}
	EndGlobalSection
EndGlobal
